
Microsoft Visual Studio Solution File, Format Version 12.00
# Visual Studio Version 16
VisualStudioVersion = 16.0.30907.101
MinimumVisualStudioVersion = 10.0.40219.1
Project("{888888A0-9F3D-457C-B088-3A5042F75D52}") = "PyOSOC", "PyOSOC.pyproj", "{E3EFBED3-3F23-45ED-9433-1ECD1F8E2653}"
EndProject
Global
	GlobalSection(SolutionConfigurationPlatforms) = preSolution
		Debug|Any CPU = Debug|Any CPU
		Release|Any CPU = Release|Any CPU
	EndGlobalSection
	GlobalSection(ProjectConfigurationPlatforms) = postSolution
		{E3EFBED3-3F23-45ED-9433-1ECD1F8E2653}.Debug|Any CPU.ActiveCfg = Debug|Any CPU
		{E3EFBED3-3F23-45ED-9433-1ECD1F8E2653}.Release|Any CPU.ActiveCfg = Release|Any CPU
	EndGlobalSection
	GlobalSection(SolutionProperties) = preSolution
		HideSolutionNode = FALSE
	EndGlobalSection
	GlobalSection(ExtensibilityGlobals) = postSolution
		SolutionGuid = {1501F2A5-E9FF-42C9-BD33-66377C24FB21}
	EndGlobalSection
EndGlobal
